// !$*UTF8*$!
{
	archiveVersion = 1;
	classes = {
	};
	objectVersion = 46;
	objects = {

/* Begin PBXBuildFile section */
		9303ED7C19EAD9A600E6D410 /* Lion.swift in Sources */ = {isa = PBXBuildFile; fileRef = 9303ED7B19EAD9A600E6D410 /* Lion.swift */; };
		9303ED7E19EBFD1B00E6D410 /* LionCub.swift in Sources */ = {isa = PBXBuildFile; fileRef = 9303ED7D19EBFD1B00E6D410 /* LionCub.swift */; };
		932828CE19E641B0002365A9 /* AppDelegate.swift in Sources */ = {isa = PBXBuildFile; fileRef = 932828CD19E641B0002365A9 /* AppDelegate.swift */; };
		932828D019E641B0002365A9 /* ViewController.swift in Sources */ = {isa = PBXBuildFile; fileRef = 932828CF19E641B0002365A9 /* ViewController.swift */; };
		932828D319E641B0002365A9 /* Main.storyboard in Resources */ = {isa = PBXBuildFile; fileRef = 932828D119E641B0002365A9 /* Main.storyboard */; };
		932828D519E641B0002365A9 /* Images.xcassets in Resources */ = {isa = PBXBuildFile; fileRef = 932828D419E641B0002365A9 /* Images.xcassets */; };
		932828D819E641B0002365A9 /* LaunchScreen.xib in Resources */ = {isa = PBXBuildFile; fileRef = 932828D619E641B0002365A9 /* LaunchScreen.xib */; };
		932828E419E641B0002365A9 /* LionsAndTigersTests.swift in Sources */ = {isa = PBXBuildFile; fileRef = 932828E319E641B0002365A9 /* LionsAndTigersTests.swift */; };
		932828EE19E64424002365A9 /* Tiger.swift in Sources */ = {isa = PBXBuildFile; fileRef = 932828ED19E64424002365A9 /* Tiger.swift */; };
		932828F719E6E960002365A9 /* BengalTiger.jpg in Resources */ = {isa = PBXBuildFile; fileRef = 932828EF19E6E960002365A9 /* BengalTiger.jpg */; };
		932828F819E6E960002365A9 /* IndochineseTiger.jpg in Resources */ = {isa = PBXBuildFile; fileRef = 932828F019E6E960002365A9 /* IndochineseTiger.jpg */; };
		932828F919E6E960002365A9 /* Lion.jpg in Resources */ = {isa = PBXBuildFile; fileRef = 932828F119E6E960002365A9 /* Lion.jpg */; };
		932828FA19E6E960002365A9 /* LionCub1.jpg in Resources */ = {isa = PBXBuildFile; fileRef = 932828F219E6E960002365A9 /* LionCub1.jpg */; };
		932828FB19E6E960002365A9 /* LionCub2.jpeg in Resources */ = {isa = PBXBuildFile; fileRef = 932828F319E6E960002365A9 /* LionCub2.jpeg */; };
		932828FC19E6E960002365A9 /* Lioness.jpeg in Resources */ = {isa = PBXBuildFile; fileRef = 932828F419E6E960002365A9 /* Lioness.jpeg */; };
		932828FD19E6E960002365A9 /* MalayanTiger.jpg in Resources */ = {isa = PBXBuildFile; fileRef = 932828F519E6E960002365A9 /* MalayanTiger.jpg */; };
		932828FE19E6E960002365A9 /* SiberianTiger.jpg in Resources */ = {isa = PBXBuildFile; fileRef = 932828F619E6E960002365A9 /* SiberianTiger.jpg */; };
/* End PBXBuildFile section */

/* Begin PBXContainerItemProxy section */
		932828DE19E641B0002365A9 /* PBXContainerItemProxy */ = {
			isa = PBXContainerItemProxy;
			containerPortal = 932828C019E641B0002365A9 /* Project object */;
			proxyType = 1;
			remoteGlobalIDString = 932828C719E641B0002365A9;
			remoteInfo = LionsAndTigers;
		};
/* End PBXContainerItemProxy section */

/* Begin PBXFileReference section */
		9303ED7B19EAD9A600E6D410 /* Lion.swift */ = {isa = PBXFileReference; fileEncoding = 4; lastKnownFileType = sourcecode.swift; path = Lion.swift; sourceTree = "<group>"; };
		9303ED7D19EBFD1B00E6D410 /* LionCub.swift */ = {isa = PBXFileReference; fileEncoding = 4; lastKnownFileType = sourcecode.swift; path = LionCub.swift; sourceTree = "<group>"; };
		932828C819E641B0002365A9 /* LionsAndTigers.app */ = {isa = PBXFileReference; explicitFileType = wrapper.application; includeInIndex = 0; path = LionsAndTigers.app; sourceTree = BUILT_PRODUCTS_DIR; };
		932828CC19E641B0002365A9 /* Info.plist */ = {isa = PBXFileReference; lastKnownFileType = text.plist.xml; path = Info.plist; sourceTree = "<group>"; };
		932828CD19E641B0002365A9 /* AppDelegate.swift */ = {isa = PBXFileReference; lastKnownFileType = sourcecode.swift; path = AppDelegate.swift; sourceTree = "<group>"; };
		932828CF19E641B0002365A9 /* ViewController.swift */ = {isa = PBXFileReference; lastKnownFileType = sourcecode.swift; path = ViewController.swift; sourceTree = "<group>"; };
		932828D219E641B0002365A9 /* Base */ = {isa = PBXFileReference; lastKnownFileType = file.storyboard; name = Base; path = Base.lproj/Main.storyboard; sourceTree = "<group>"; };
		932828D419E641B0002365A9 /* Images.xcassets */ = {isa = PBXFileReference; lastKnownFileType = folder.assetcatalog; path = Images.xcassets; sourceTree = "<group>"; };
		932828D719E641B0002365A9 /* Base */ = {isa = PBXFileReference; lastKnownFileType = file.xib; name = Base; path = Base.lproj/LaunchScreen.xib; sourceTree = "<group>"; };
		932828DD19E641B0002365A9 /* LionsAndTigersTests.xctest */ = {isa = PBXFileReference; explicitFileType = wrapper.cfbundle; includeInIndex = 0; path = LionsAndTigersTests.xctest; sourceTree = BUILT_PRODUCTS_DIR; };
		932828E219E641B0002365A9 /* Info.plist */ = {isa = PBXFileReference; lastKnownFileType = text.plist.xml; path = Info.plist; sourceTree = "<group>"; };
		932828E319E641B0002365A9 /* LionsAndTigersTests.swift */ = {isa = PBXFileReference; lastKnownFileType = sourcecode.swift; path = LionsAndTigersTests.swift; sourceTree = "<group>"; };
		932828ED19E64424002365A9 /* Tiger.swift */ = {isa = PBXFileReference; fileEncoding = 4; lastKnownFileType = sourcecode.swift; path = Tiger.swift; sourceTree = "<group>"; };
		932828EF19E6E960002365A9 /* BengalTiger.jpg */ = {isa = PBXFileReference; lastKnownFileType = image.jpeg; path = BengalTiger.jpg; sourceTree = "<group>"; };
		932828F019E6E960002365A9 /* IndochineseTiger.jpg */ = {isa = PBXFileReference; lastKnownFileType = image.jpeg; path = IndochineseTiger.jpg; sourceTree = "<group>"; };
		932828F119E6E960002365A9 /* Lion.jpg */ = {isa = PBXFileReference; lastKnownFileType = image.jpeg; path = Lion.jpg; sourceTree = "<group>"; };
		932828F219E6E960002365A9 /* LionCub1.jpg */ = {isa = PBXFileReference; lastKnownFileType = image.jpeg; path = LionCub1.jpg; sourceTree = "<group>"; };
		932828F319E6E960002365A9 /* LionCub2.jpeg */ = {isa = PBXFileReference; lastKnownFileType = image.jpeg; path = LionCub2.jpeg; sourceTree = "<group>"; };
		932828F419E6E960002365A9 /* Lioness.jpeg */ = {isa = PBXFileReference; lastKnownFileType = image.jpeg; path = Lioness.jpeg; sourceTree = "<group>"; };
		932828F519E6E960002365A9 /* MalayanTiger.jpg */ = {isa = PBXFileReference; lastKnownFileType = image.jpeg; path = MalayanTiger.jpg; sourceTree = "<group>"; };
		932828F619E6E960002365A9 /* SiberianTiger.jpg */ = {isa = PBXFileReference; lastKnownFileType = image.jpeg; path = SiberianTiger.jpg; sourceTree = "<group>"; };
/* End PBXFileReference section */

/* Begin PBXFrameworksBuildPhase section */
		932828C519E641B0002365A9 /* Frameworks */ = {
			isa = PBXFrameworksBuildPhase;
			buildActionMask = 2147483647;
			files = (
			);
			runOnlyForDeploymentPostprocessing = 0;
		};
		932828DA19E641B0002365A9 /* Frameworks */ = {
			isa = PBXFrameworksBuildPhase;
			buildActionMask = 2147483647;
			files = (
			);
			runOnlyForDeploymentPostprocessing = 0;
		};
/* End PBXFrameworksBuildPhase section */

/* Begin PBXGroup section */
		932828BF19E641B0002365A9 = {
			isa = PBXGroup;
			children = (
				932828CA19E641B0002365A9 /* LionsAndTigers */,
				932828E019E641B0002365A9 /* LionsAndTigersTests */,
				932828C919E641B0002365A9 /* Products */,
			);
			sourceTree = "<group>";
		};
		932828C919E641B0002365A9 /* Products */ = {
			isa = PBXGroup;
			children = (
				932828C819E641B0002365A9 /* LionsAndTigers.app */,
				932828DD19E641B0002365A9 /* LionsAndTigersTests.xctest */,
			);
			name = Products;
			sourceTree = "<group>";
		};
		932828CA19E641B0002365A9 /* LionsAndTigers */ = {
			isa = PBXGroup;
			children = (
				932828CD19E641B0002365A9 /* AppDelegate.swift */,
				932828CF19E641B0002365A9 /* ViewController.swift */,
				932828ED19E64424002365A9 /* Tiger.swift */,
				9303ED7B19EAD9A600E6D410 /* Lion.swift */,
				932828D119E641B0002365A9 /* Main.storyboard */,
				9303ED7D19EBFD1B00E6D410 /* LionCub.swift */,
				932828D419E641B0002365A9 /* Images.xcassets */,
				932828D619E641B0002365A9 /* LaunchScreen.xib */,
				932828CB19E641B0002365A9 /* Supporting Files */,
			);
			path = LionsAndTigers;
			sourceTree = "<group>";
		};
		932828CB19E641B0002365A9 /* Supporting Files */ = {
			isa = PBXGroup;
			children = (
				932828EF19E6E960002365A9 /* BengalTiger.jpg */,
				932828F019E6E960002365A9 /* IndochineseTiger.jpg */,
				932828F119E6E960002365A9 /* Lion.jpg */,
				932828F219E6E960002365A9 /* LionCub1.jpg */,
				932828F319E6E960002365A9 /* LionCub2.jpeg */,
				932828F419E6E960002365A9 /* Lioness.jpeg */,
				932828F519E6E960002365A9 /* MalayanTiger.jpg */,
				932828F619E6E960002365A9 /* SiberianTiger.jpg */,
				932828CC19E641B0002365A9 /* Info.plist */,
			);
			name = "Supporting Files";
			sourceTree = "<group>";
		};
		932828E019E641B0002365A9 /* LionsAndTigersTests */ = {
			isa = PBXGroup;
			children = (
				932828E319E641B0002365A9 /* LionsAndTigersTests.swift */,
				932828E119E641B0002365A9 /* Supporting Files */,
			);
			path = LionsAndTigersTests;
			sourceTree = "<group>";
		};
		932828E119E641B0002365A9 /* Supporting Files */ = {
			isa = PBXGroup;
			children = (
				932828E219E641B0002365A9 /* Info.plist */,
			);
			name = "Supporting Files";
			sourceTree = "<group>";
		};
/* End PBXGroup section */

/* Begin PBXNativeTarget section */
		932828C719E641B0002365A9 /* LionsAndTigers */ = {
			isa = PBXNativeTarget;
			buildConfigurationList = 932828E719E641B0002365A9 /* Build configuration list for PBXNativeTarget "LionsAndTigers" */;
			buildPhases = (
				932828C419E641B0002365A9 /* Sources */,
				932828C519E641B0002365A9 /* Frameworks */,
				932828C619E641B0002365A9 /* Resources */,
			);
			buildRules = (
			);
			dependencies = (
			);
			name = LionsAndTigers;
			productName = LionsAndTigers;
			productReference = 932828C819E641B0002365A9 /* LionsAndTigers.app */;
			productType = "com.apple.product-type.application";
		};
		932828DC19E641B0002365A9 /* LionsAndTigersTests */ = {
			isa = PBXNativeTarget;
			buildConfigurationList = 932828EA19E641B0002365A9 /* Build configuration list for PBXNativeTarget "LionsAndTigersTests" */;
			buildPhases = (
				932828D919E641B0002365A9 /* Sources */,
				932828DA19E641B0002365A9 /* Frameworks */,
				932828DB19E641B0002365A9 /* Resources */,
			);
			buildRules = (
			);
			dependencies = (
				932828DF19E641B0002365A9 /* PBXTargetDependency */,
			);
			name = LionsAndTigersTests;
			productName = LionsAndTigersTests;
			productReference = 932828DD19E641B0002365A9 /* LionsAndTigersTests.xctest */;
			productType = "com.apple.product-type.bundle.unit-test";
		};
/* End PBXNativeTarget section */

/* Begin PBXProject section */
		932828C019E641B0002365A9 /* Project object */ = {
			isa = PBXProject;
			attributes = {
				LastUpgradeCheck = 0600;
				ORGANIZATIONNAME = "Rizwan Javaid";
				TargetAttributes = {
					932828C719E641B0002365A9 = {
						CreatedOnToolsVersion = 6.0.1;
					};
					932828DC19E641B0002365A9 = {
						CreatedOnToolsVersion = 6.0.1;
						TestTargetID = 932828C719E641B0002365A9;
					};
				};
			};
			buildConfigurationList = 932828C319E641B0002365A9 /* Build configuration list for PBXProject "LionsAndTigers" */;
			compatibilityVersion = "Xcode 3.2";
			developmentRegion = English;
			hasScannedForEncodings = 0;
			knownRegions = (
				en,
				Base,
			);
			mainGroup = 932828BF19E641B0002365A9;
			productRefGroup = 932828C919E641B0002365A9 /* Products */;
			projectDirPath = "";
			projectRoot = "";
			targets = (
				932828C719E641B0002365A9 /* LionsAndTigers */,
				932828DC19E641B0002365A9 /* LionsAndTigersTests */,
			);
		};
/* End PBXProject section */

/* Begin PBXResourcesBuildPhase section */
		932828C619E641B0002365A9 /* Resources */ = {
			isa = PBXResourcesBuildPhase;
			buildActionMask = 2147483647;
			files = (
				932828F819E6E960002365A9 /* IndochineseTiger.jpg in Resources */,
				932828D319E641B0002365A9 /* Main.storyboard in Resources */,
				932828D819E641B0002365A9 /* LaunchScreen.xib in Resources */,
				932828FC19E6E960002365A9 /* Lioness.jpeg in Resources */,
				932828FA19E6E960002365A9 /* LionCub1.jpg in Resources */,
				932828FD19E6E960002365A9 /* MalayanTiger.jpg in Resources */,
				932828FE19E6E960002365A9 /* SiberianTiger.jpg in Resources */,
				932828F719E6E960002365A9 /* BengalTiger.jpg in Resources */,
				932828D519E641B0002365A9 /* Images.xcassets in Resources */,
				932828F919E6E960002365A9 /* Lion.jpg in Resources */,
				932828FB19E6E960002365A9 /* LionCub2.jpeg in Resources */,
			);
			runOnlyForDeploymentPostprocessing = 0;
		};
		932828DB19E641B0002365A9 /* Resources */ = {
			isa = PBXResourcesBuildPhase;
			buildActionMask = 2147483647;
			files = (
			);
			runOnlyForDeploymentPostprocessing = 0;
		};
/* End PBXResourcesBuildPhase section */

/* Begin PBXSourcesBuildPhase section */
		932828C419E641B0002365A9 /* Sources */ = {
			isa = PBXSourcesBuildPhase;
			buildActionMask = 2147483647;
			files = (
				932828D019E641B0002365A9 /* ViewController.swift in Sources */,
				932828EE19E64424002365A9 /* Tiger.swift in Sources */,
				932828CE19E641B0002365A9 /* AppDelegate.swift in Sources */,
				9303ED7E19EBFD1B00E6D410 /* LionCub.swift in Sources */,
				9303ED7C19EAD9A600E6D410 /* Lion.swift in Sources */,
			);
			runOnlyForDeploymentPostprocessing = 0;
		};
		932828D919E641B0002365A9 /* Sources */ = {
			isa = PBXSourcesBuildPhase;
			buildActionMask = 2147483647;
			files = (
				932828E419E641B0002365A9 /* LionsAndTigersTests.swift in Sources */,
			);
			runOnlyForDeploymentPostprocessing = 0;
		};
/* End PBXSourcesBuildPhase section */

/* Begin PBXTargetDependency section */
		932828DF19E641B0002365A9 /* PBXTargetDependency */ = {
			isa = PBXTargetDependency;
			target = 932828C719E641B0002365A9 /* LionsAndTigers */;
			targetProxy = 932828DE19E641B0002365A9 /* PBXContainerItemProxy */;
		};
/* End PBXTargetDependency section */

/* Begin PBXVariantGroup section */
		932828D119E641B0002365A9 /* Main.storyboard */ = {
			isa = PBXVariantGroup;
			children = (
				932828D219E641B0002365A9 /* Base */,
			);
			name = Main.storyboard;
			sourceTree = "<group>";
		};
		932828D619E641B0002365A9 /* LaunchScreen.xib */ = {
			isa = PBXVariantGroup;
			children = (
				932828D719E641B0002365A9 /* Base */,
			);
			name = LaunchScreen.xib;
			sourceTree = "<group>";
		};
/* End PBXVariantGroup section */

/* Begin XCBuildConfiguration section */
		932828E519E641B0002365A9 /* Debug */ = {
			isa = XCBuildConfiguration;
			buildSettings = {
				ALWAYS_SEARCH_USER_PATHS = NO;
				CLANG_CXX_LANGUAGE_STANDARD = "gnu++0x";
				CLANG_CXX_LIBRARY = "libc++";
				CLANG_ENABLE_MODULES = YES;
				CLANG_ENABLE_OBJC_ARC = YES;
				CLANG_WARN_BOOL_CONVERSION = YES;
				CLANG_WARN_CONSTANT_CONVERSION = YES;
				CLANG_WARN_DIRECT_OBJC_ISA_USAGE = YES_ERROR;
				CLANG_WARN_EMPTY_BODY = YES;
				CLANG_WARN_ENUM_CONVERSION = YES;
				CLANG_WARN_INT_CONVERSION = YES;
				CLANG_WARN_OBJC_ROOT_CLASS = YES_ERROR;
				CLANG_WARN_UNREACHABLE_CODE = YES;
				CLANG_WARN__DUPLICATE_METHOD_MATCH = YES;
				"CODE_SIGN_IDENTITY[sdk=iphoneos*]" = "iPhone Developer";
				COPY_PHASE_STRIP = NO;
				ENABLE_STRICT_OBJC_MSGSEND = YES;
				GCC_C_LANGUAGE_STANDARD = gnu99;
				GCC_DYNAMIC_NO_PIC = NO;
				GCC_OPTIMIZATION_LEVEL = 0;
				GCC_PREPROCESSOR_DEFINITIONS = (
					"DEBUG=1",
					"$(inherited)",
				);
				GCC_SYMBOLS_PRIVATE_EXTERN = NO;
				GCC_WARN_64_TO_32_BIT_CONVERSION = YES;
				GCC_WARN_ABOUT_RETURN_TYPE = YES_ERROR;
				GCC_WARN_UNDECLARED_SELECTOR = YES;
				GCC_WARN_UNINITIALIZED_AUTOS = YES_AGGRESSIVE;
				GCC_WARN_UNUSED_FUNCTION = YES;
				GCC_WARN_UNUSED_VARIABLE = YES;
				IPHONEOS_DEPLOYMENT_TARGET = 8.0;
				MTL_ENABLE_DEBUG_INFO = YES;
				ONLY_ACTIVE_ARCH = YES;
				SDKROOT = iphoneos;
				SWIFT_OPTIMIZATION_LEVEL = "-Onone";
				TARGETED_DEVICE_FAMILY = "1,2";
			};
			name = Debug;
		};
		932828E619E641B0002365A9 /* Release */ = {
			isa = XCBuildConfiguration;
			buildSettings = {
				ALWAYS_SEARCH_USER_PATHS = NO;
				CLANG_CXX_LANGUAGE_STANDARD = "gnu++0x";
				CLANG_CXX_LIBRARY = "libc++";
				CLANG_ENABLE_MODULES = YES;
				CLANG_ENABLE_OBJC_ARC = YES;
				CLANG_WARN_BOOL_CONVERSION = YES;
				CLANG_WARN_CONSTANT_CONVERSION = YES;
				CLANG_WARN_DIRECT_OBJC_ISA_USAGE = YES_ERROR;
				CLANG_WARN_EMPTY_BODY = YES;
				CLANG_WARN_ENUM_CONVERSION = YES;
				CLANG_WARN_INT_CONVERSION = YES;
				CLANG_WARN_OBJC_ROOT_CLASS = YES_ERROR;
				CLANG_WARN_UNREACHABLE_CODE = YES;
				CLANG_WARN__DUPLICATE_METHOD_MATCH = YES;
				"CODE_SIGN_IDENTITY[sdk=iphoneos*]" = "iPhone Developer";
				COPY_PHASE_STRIP = YES;
				ENABLE_NS_ASSERTIONS = NO;
				ENABLE_STRICT_OBJC_MSGSEND = YES;
				GCC_C_LANGUAGE_STANDARD = gnu99;
				GCC_WARN_64_TO_32_BIT_CONVERSION = YES;
				GCC_WARN_ABOUT_RETURN_TYPE = YES_ERROR;
				GCC_WARN_UNDECLARED_SELECTOR = YES;
				GCC_WARN_UNINITIALIZED_AUTOS = YES_AGGRESSIVE;
				GCC_WARN_UNUSED_FUNCTION = YES;
				GCC_WARN_UNUSED_VARIABLE = YES;
				IPHONEOS_DEPLOYMENT_TARGET = 8.0;
				MTL_ENABLE_DEBUG_INFO = NO;
				SDKROOT = iphoneos;
				TARGETED_DEVICE_FAMILY = "1,2";
				VALIDATE_PRODUCT = YES;
			};
			name = Release;
		};
		932828E819E641B0002365A9 /* Debug */ = {
			isa = XCBuildConfiguration;
			buildSettings = {
				ASSETCATALOG_COMPILER_APPICON_NAME = AppIcon;
				INFOPLIST_FILE = LionsAndTigers/Info.plist;
				LD_RUNPATH_SEARCH_PATHS = "$(inherited) @executable_path/Frameworks";
				PRODUCT_NAME = "$(TARGET_NAME)";
			};
			name = Debug;
		};
		932828E919E641B0002365A9 /* Release */ = {
			isa = XCBuildConfiguration;
			buildSettings = {
				ASSETCATALOG_COMPILER_APPICON_NAME = AppIcon;
				INFOPLIST_FILE = LionsAndTigers/Info.plist;
				LD_RUNPATH_SEARCH_PATHS = "$(inherited) @executable_path/Frameworks";
				PRODUCT_NAME = "$(TARGET_NAME)";
			};
			name = Release;
		};
		932828EB19E641B0002365A9 /* Debug */ = {
			isa = XCBuildConfiguration;
			buildSettings = {
				BUNDLE_LOADER = "$(TEST_HOST)";
				FRAMEWORK_SEARCH_PATHS = (
					"$(SDKROOT)/Developer/Library/Frameworks",
					"$(inherited)",
				);
				GCC_PREPROCESSOR_DEFINITIONS = (
					"DEBUG=1",
					"$(inherited)",
				);
				INFOPLIST_FILE = LionsAndTigersTests/Info.plist;
				LD_RUNPATH_SEARCH_PATHS = "$(inherited) @executable_path/Frameworks @loader_path/Frameworks";
				PRODUCT_NAME = "$(TARGET_NAME)";
				TEST_HOST = "$(BUILT_PRODUCTS_DIR)/LionsAndTigers.app/LionsAndTigers";
			};
			name = Debug;
		};
		932828EC19E641B0002365A9 /* Release */ = {
			isa = XCBuildConfiguration;
			buildSettings = {
				BUNDLE_LOADER = "$(TEST_HOST)";
				FRAMEWORK_SEARCH_PATHS = (
					"$(SDKROOT)/Developer/Library/Frameworks",
					"$(inherited)",
				);
				INFOPLIST_FILE = LionsAndTigersTests/Info.plist;
				LD_RUNPATH_SEARCH_PATHS = "$(inherited) @executable_path/Frameworks @loader_path/Frameworks";
				PRODUCT_NAME = "$(TARGET_NAME)";
				TEST_HOST = "$(BUILT_PRODUCTS_DIR)/LionsAndTigers.app/LionsAndTigers";
			};
			name = Release;
		};
/* End XCBuildConfiguration section */

/* Begin XCConfigurationList section */
		932828C319E641B0002365A9 /* Build configuration list for PBXProject "LionsAndTigers" */ = {
			isa = XCConfigurationList;
			buildConfigurations = (
				932828E519E641B0002365A9 /* Debug */,
				932828E619E641B0002365A9 /* Release */,
			);
			defaultConfigurationIsVisible = 0;
			defaultConfigurationName = Release;
		};
		932828E719E641B0002365A9 /* Build configuration list for PBXNativeTarget "LionsAndTigers" */ = {
			isa = XCConfigurationList;
			buildConfigurations = (
				932828E819E641B0002365A9 /* Debug */,
				932828E919E641B0002365A9 /* Release */,
			);
			defaultConfigurationIsVisible = 0;
			defaultConfigurationName = Release;
		};
		932828EA19E641B0002365A9 /* Build configuration list for PBXNativeTarget "LionsAndTigersTests" */ = {
			isa = XCConfigurationList;
			buildConfigurations = (
				932828EB19E641B0002365A9 /* Debug */,
				932828EC19E641B0002365A9 /* Release */,
			);
			defaultConfigurationIsVisible = 0;
			defaultConfigurationName = Release;
		};
/* End XCConfigurationList section */
	};
	rootObject = 932828C019E641B0002365A9 /* Project object */;
}
